
Microsoft Visual Studio Solution File, Format Version 12.00
# Visual Studio Version 17
VisualStudioVersion = 17.0.32112.339
MinimumVisualStudioVersion = 10.0.40219.1
Project("{FAE04EC0-301F-11D3-BF4B-00C04F79EFBC}") = "ProjetoCSharp", "ProjetoCSharp\ProjetoCSharp.csproj", "{03FD1EFA-70BE-4A3D-9C4A-BC8FA5EEBF97}"
EndProject
Global
	GlobalSection(SolutionConfigurationPlatforms) = preSolution
		Debug|Any CPU = Debug|Any CPU
		Release|Any CPU = Release|Any CPU
	EndGlobalSection
	GlobalSection(ProjectConfigurationPlatforms) = postSolution
		{03FD1EFA-70BE-4A3D-9C4A-BC8FA5EEBF97}.Debug|Any CPU.ActiveCfg = Debug|Any CPU
		{03FD1EFA-70BE-4A3D-9C4A-BC8FA5EEBF97}.Debug|Any CPU.Build.0 = Debug|Any CPU
		{03FD1EFA-70BE-4A3D-9C4A-BC8FA5EEBF97}.Release|Any CPU.ActiveCfg = Release|Any CPU
		{03FD1EFA-70BE-4A3D-9C4A-BC8FA5EEBF97}.Release|Any CPU.Build.0 = Release|Any CPU
	EndGlobalSection
	GlobalSection(SolutionProperties) = preSolution
		HideSolutionNode = FALSE
	EndGlobalSection
	GlobalSection(ExtensibilityGlobals) = postSolution
		SolutionGuid = {5A48AEFA-33F4-43FF-9C4D-70B740476E7B}
	EndGlobalSection
EndGlobal
